// !$*UTF8*$!
{
	archiveVersion = 1;
	classes = {
	};
	objectVersion = 46;
	objects = {

/* Begin PBXBuildFile section */
		362E2B941E62214F000E6F68 /* AppDelegate.swift in Sources */ = {isa = PBXBuildFile; fileRef = 362E2B931E62214F000E6F68 /* AppDelegate.swift */; };
		362E2B961E62214F000E6F68 /* ViewController.swift in Sources */ = {isa = PBXBuildFile; fileRef = 362E2B951E62214F000E6F68 /* ViewController.swift */; };
		362E2B991E62214F000E6F68 /* Main.storyboard in Resources */ = {isa = PBXBuildFile; fileRef = 362E2B971E62214F000E6F68 /* Main.storyboard */; };
		362E2B9B1E62214F000E6F68 /* Assets.xcassets in Resources */ = {isa = PBXBuildFile; fileRef = 362E2B9A1E62214F000E6F68 /* Assets.xcassets */; };
		362E2B9E1E62214F000E6F68 /* LaunchScreen.storyboard in Resources */ = {isa = PBXBuildFile; fileRef = 362E2B9C1E62214F000E6F68 /* LaunchScreen.storyboard */; };
		362E2BA61E62241C000E6F68 /* ExpandCell.swift in Sources */ = {isa = PBXBuildFile; fileRef = 362E2BA51E62241C000E6F68 /* ExpandCell.swift */; };
/* End PBXBuildFile section */

/* Begin PBXFileReference section */
		362E2B901E62214F000E6F68 /* ExpandCell.app */ = {isa = PBXFileReference; explicitFileType = wrapper.application; includeInIndex = 0; path = ExpandCell.app; sourceTree = BUILT_PRODUCTS_DIR; };
		362E2B931E62214F000E6F68 /* AppDelegate.swift */ = {isa = PBXFileReference; lastKnownFileType = sourcecode.swift; path = AppDelegate.swift; sourceTree = "<group>"; };
		362E2B951E62214F000E6F68 /* ViewController.swift */ = {isa = PBXFileReference; lastKnownFileType = sourcecode.swift; path = ViewController.swift; sourceTree = "<group>"; };
		362E2B981E62214F000E6F68 /* Base */ = {isa = PBXFileReference; lastKnownFileType = file.storyboard; name = Base; path = Base.lproj/Main.storyboard; sourceTree = "<group>"; };
		362E2B9A1E62214F000E6F68 /* Assets.xcassets */ = {isa = PBXFileReference; lastKnownFileType = folder.assetcatalog; path = Assets.xcassets; sourceTree = "<group>"; };
		362E2B9D1E62214F000E6F68 /* Base */ = {isa = PBXFileReference; lastKnownFileType = file.storyboard; name = Base; path = Base.lproj/LaunchScreen.storyboard; sourceTree = "<group>"; };
		362E2B9F1E62214F000E6F68 /* Info.plist */ = {isa = PBXFileReference; lastKnownFileType = text.plist.xml; path = Info.plist; sourceTree = "<group>"; };
		362E2BA51E62241C000E6F68 /* ExpandCell.swift */ = {isa = PBXFileReference; fileEncoding = 4; lastKnownFileType = sourcecode.swift; path = ExpandCell.swift; sourceTree = "<group>"; };
/* End PBXFileReference section */

/* Begin PBXFrameworksBuildPhase section */
		362E2B8D1E62214F000E6F68 /* Frameworks */ = {
			isa = PBXFrameworksBuildPhase;
			buildActionMask = 2147483647;
			files = (
			);
			runOnlyForDeploymentPostprocessing = 0;
		};
/* End PBXFrameworksBuildPhase section */

/* Begin PBXGroup section */
		362E2B871E62214F000E6F68 = {
			isa = PBXGroup;
			children = (
				362E2B921E62214F000E6F68 /* ExpandCell */,
				362E2B911E62214F000E6F68 /* Products */,
			);
			sourceTree = "<group>";
		};
		362E2B911E62214F000E6F68 /* Products */ = {
			isa = PBXGroup;
			children = (
				362E2B901E62214F000E6F68 /* ExpandCell.app */,
			);
			name = Products;
			sourceTree = "<group>";
		};
		362E2B921E62214F000E6F68 /* ExpandCell */ = {
			isa = PBXGroup;
			children = (
				362E2B931E62214F000E6F68 /* AppDelegate.swift */,
				362E2B951E62214F000E6F68 /* ViewController.swift */,
				362E2BA51E62241C000E6F68 /* ExpandCell.swift */,
				362E2B971E62214F000E6F68 /* Main.storyboard */,
				362E2B9A1E62214F000E6F68 /* Assets.xcassets */,
				362E2B9C1E62214F000E6F68 /* LaunchScreen.storyboard */,
				362E2B9F1E62214F000E6F68 /* Info.plist */,
			);
			path = ExpandCell;
			sourceTree = "<group>";
		};
/* End PBXGroup section */

/* Begin PBXNativeTarget section */
		362E2B8F1E62214F000E6F68 /* ExpandCell */ = {
			isa = PBXNativeTarget;
			buildConfigurationList = 362E2BA21E62214F000E6F68 /* Build configuration list for PBXNativeTarget "ExpandCell" */;
			buildPhases = (
				362E2B8C1E62214F000E6F68 /* Sources */,
				362E2B8D1E62214F000E6F68 /* Frameworks */,
				362E2B8E1E62214F000E6F68 /* Resources */,
			);
			buildRules = (
			);
			dependencies = (
			);
			name = ExpandCell;
			productName = ExpandCell;
			productReference = 362E2B901E62214F000E6F68 /* ExpandCell.app */;
			productType = "com.apple.product-type.application";
		};
/* End PBXNativeTarget section */

/* Begin PBXProject section */
		362E2B881E62214F000E6F68 /* Project object */ = {
			isa = PBXProject;
			attributes = {
				LastSwiftUpdateCheck = 0820;
				LastUpgradeCheck = 0820;
				ORGANIZATIONNAME = Kentarou;
				TargetAttributes = {
					362E2B8F1E62214F000E6F68 = {
						CreatedOnToolsVersion = 8.2.1;
						DevelopmentTeam = HY9CXX38QG;
						ProvisioningStyle = Automatic;
					};
				};
			};
			buildConfigurationList = 362E2B8B1E62214F000E6F68 /* Build configuration list for PBXProject "ExpandCell" */;
			compatibilityVersion = "Xcode 3.2";
			developmentRegion = English;
			hasScannedForEncodings = 0;
			knownRegions = (
				en,
				Base,
			);
			mainGroup = 362E2B871E62214F000E6F68;
			productRefGroup = 362E2B911E62214F000E6F68 /* Products */;
			projectDirPath = "";
			projectRoot = "";
			targets = (
				362E2B8F1E62214F000E6F68 /* ExpandCell */,
			);
		};
/* End PBXProject section */

/* Begin PBXResourcesBuildPhase section */
		362E2B8E1E62214F000E6F68 /* Resources */ = {
			isa = PBXResourcesBuildPhase;
			buildActionMask = 2147483647;
			files = (
				362E2B9E1E62214F000E6F68 /* LaunchScreen.storyboard in Resources */,
				362E2B9B1E62214F000E6F68 /* Assets.xcassets in Resources */,
				362E2B991E62214F000E6F68 /* Main.storyboard in Resources */,
			);
			runOnlyForDeploymentPostprocessing = 0;
		};
/* End PBXResourcesBuildPhase section */

/* Begin PBXSourcesBuildPhase section */
		362E2B8C1E62214F000E6F68 /* Sources */ = {
			isa = PBXSourcesBuildPhase;
			buildActionMask = 2147483647;
			files = (
				362E2B961E62214F000E6F68 /* ViewController.swift in Sources */,
				362E2B941E62214F000E6F68 /* AppDelegate.swift in Sources */,
				362E2BA61E62241C000E6F68 /* ExpandCell.swift in Sources */,
			);
			runOnlyForDeploymentPostprocessing = 0;
		};
/* End PBXSourcesBuildPhase section */

/* Begin PBXVariantGroup section */
		362E2B971E62214F000E6F68 /* Main.storyboard */ = {
			isa = PBXVariantGroup;
			children = (
				362E2B981E62214F000E6F68 /* Base */,
			);
			name = Main.storyboard;
			sourceTree = "<group>";
		};
		362E2B9C1E62214F000E6F68 /* LaunchScreen.storyboard */ = {
			isa = PBXVariantGroup;
			children = (
				362E2B9D1E62214F000E6F68 /* Base */,
			);
			name = LaunchScreen.storyboard;
			sourceTree = "<group>";
		};
/* End PBXVariantGroup section */

/* Begin XCBuildConfiguration section */
		362E2BA01E62214F000E6F68 /* Debug */ = {
			isa = XCBuildConfiguration;
			buildSettings = {
				ALWAYS_SEARCH_USER_PATHS = NO;
				CLANG_ANALYZER_NONNULL = YES;
				CLANG_CXX_LANGUAGE_STANDARD = "gnu++0x";
				CLANG_CXX_LIBRARY = "libc++";
				CLANG_ENABLE_MODULES = YES;
				CLANG_ENABLE_OBJC_ARC = YES;
				CLANG_WARN_BOOL_CONVERSION = YES;
				CLANG_WARN_CONSTANT_CONVERSION = YES;
				CLANG_WARN_DIRECT_OBJC_ISA_USAGE = YES_ERROR;
				CLANG_WARN_DOCUMENTATION_COMMENTS = YES;
				CLANG_WARN_EMPTY_BODY = YES;
				CLANG_WARN_ENUM_CONVERSION = YES;
				CLANG_WARN_INFINITE_RECURSION = YES;
				CLANG_WARN_INT_CONVERSION = YES;
				CLANG_WARN_OBJC_ROOT_CLASS = YES_ERROR;
				CLANG_WARN_SUSPICIOUS_MOVE = YES;
				CLANG_WARN_UNREACHABLE_CODE = YES;
				CLANG_WARN__DUPLICATE_METHOD_MATCH = YES;
				"CODE_SIGN_IDENTITY[sdk=iphoneos*]" = "iPhone Developer";
				COPY_PHASE_STRIP = NO;
				DEBUG_INFORMATION_FORMAT = dwarf;
				ENABLE_STRICT_OBJC_MSGSEND = YES;
				ENABLE_TESTABILITY = YES;
				GCC_C_LANGUAGE_STANDARD = gnu99;
				GCC_DYNAMIC_NO_PIC = NO;
				GCC_NO_COMMON_BLOCKS = YES;
				GCC_OPTIMIZATION_LEVEL = 0;
				GCC_PREPROCESSOR_DEFINITIONS = (
					"DEBUG=1",
					"$(inherited)",
				);
				GCC_WARN_64_TO_32_BIT_CONVERSION = YES;
				GCC_WARN_ABOUT_RETURN_TYPE = YES_ERROR;
				GCC_WARN_UNDECLARED_SELECTOR = YES;
				GCC_WARN_UNINITIALIZED_AUTOS = YES_AGGRESSIVE;
				GCC_WARN_UNUSED_FUNCTION = YES;
				GCC_WARN_UNUSED_VARIABLE = YES;
				IPHONEOS_DEPLOYMENT_TARGET = 10.2;
				MTL_ENABLE_DEBUG_INFO = YES;
				ONLY_ACTIVE_ARCH = YES;
				SDKROOT = iphoneos;
				SWIFT_ACTIVE_COMPILATION_CONDITIONS = DEBUG;
				SWIFT_OPTIMIZATION_LEVEL = "-Onone";
			};
			name = Debug;
		};
		362E2BA11E62214F000E6F68 /* Release */ = {
			isa = XCBuildConfiguration;
			buildSettings = {
				ALWAYS_SEARCH_USER_PATHS = NO;
				CLANG_ANALYZER_NONNULL = YES;
				CLANG_CXX_LANGUAGE_STANDARD = "gnu++0x";
				CLANG_CXX_LIBRARY = "libc++";
				CLANG_ENABLE_MODULES = YES;
				CLANG_ENABLE_OBJC_ARC = YES;
				CLANG_WARN_BOOL_CONVERSION = YES;
				CLANG_WARN_CONSTANT_CONVERSION = YES;
				CLANG_WARN_DIRECT_OBJC_ISA_USAGE = YES_ERROR;
				CLANG_WARN_DOCUMENTATION_COMMENTS = YES;
				CLANG_WARN_EMPTY_BODY = YES;
				CLANG_WARN_ENUM_CONVERSION = YES;
				CLANG_WARN_INFINITE_RECURSION = YES;
				CLANG_WARN_INT_CONVERSION = YES;
				CLANG_WARN_OBJC_ROOT_CLASS = YES_ERROR;
				CLANG_WARN_SUSPICIOUS_MOVE = YES;
				CLANG_WARN_UNREACHABLE_CODE = YES;
				CLANG_WARN__DUPLICATE_METHOD_MATCH = YES;
				"CODE_SIGN_IDENTITY[sdk=iphoneos*]" = "iPhone Developer";
				COPY_PHASE_STRIP = NO;
				DEBUG_INFORMATION_FORMAT = "dwarf-with-dsym";
				ENABLE_NS_ASSERTIONS = NO;
				ENABLE_STRICT_OBJC_MSGSEND = YES;
				GCC_C_LANGUAGE_STANDARD = gnu99;
				GCC_NO_COMMON_BLOCKS = YES;
				GCC_WARN_64_TO_32_BIT_CONVERSION = YES;
				GCC_WARN_ABOUT_RETURN_TYPE = YES_ERROR;
				GCC_WARN_UNDECLARED_SELECTOR = YES;
				GCC_WARN_UNINITIALIZED_AUTOS = YES_AGGRESSIVE;
				GCC_WARN_UNUSED_FUNCTION = YES;
				GCC_WARN_UNUSED_VARIABLE = YES;
				IPHONEOS_DEPLOYMENT_TARGET = 10.2;
				MTL_ENABLE_DEBUG_INFO = NO;
				SDKROOT = iphoneos;
				SWIFT_OPTIMIZATION_LEVEL = "-Owholemodule";
				VALIDATE_PRODUCT = YES;
			};
			name = Release;
		};
		362E2BA31E62214F000E6F68 /* Debug */ = {
			isa = XCBuildConfiguration;
			buildSettings = {
				ASSETCATALOG_COMPILER_APPICON_NAME = AppIcon;
				DEVELOPMENT_TEAM = HY9CXX38QG;
				INFOPLIST_FILE = ExpandCell/Info.plist;
				LD_RUNPATH_SEARCH_PATHS = "$(inherited) @executable_path/Frameworks";
				PRODUCT_BUNDLE_IDENTIFIER = me.kentarou.ExpandCell;
				PRODUCT_NAME = "$(TARGET_NAME)";
				SWIFT_VERSION = 3.0;
			};
			name = Debug;
		};
		362E2BA41E62214F000E6F68 /* Release */ = {
			isa = XCBuildConfiguration;
			buildSettings = {
				ASSETCATALOG_COMPILER_APPICON_NAME = AppIcon;
				DEVELOPMENT_TEAM = HY9CXX38QG;
				INFOPLIST_FILE = ExpandCell/Info.plist;
				LD_RUNPATH_SEARCH_PATHS = "$(inherited) @executable_path/Frameworks";
				PRODUCT_BUNDLE_IDENTIFIER = me.kentarou.ExpandCell;
				PRODUCT_NAME = "$(TARGET_NAME)";
				SWIFT_VERSION = 3.0;
			};
			name = Release;
		};
/* End XCBuildConfiguration section */

/* Begin XCConfigurationList section */
		362E2B8B1E62214F000E6F68 /* Build configuration list for PBXProject "ExpandCell" */ = {
			isa = XCConfigurationList;
			buildConfigurations = (
				362E2BA01E62214F000E6F68 /* Debug */,
				362E2BA11E62214F000E6F68 /* Release */,
			);
			defaultConfigurationIsVisible = 0;
			defaultConfigurationName = Release;
		};
		362E2BA21E62214F000E6F68 /* Build configuration list for PBXNativeTarget "ExpandCell" */ = {
			isa = XCConfigurationList;
			buildConfigurations = (
				362E2BA31E62214F000E6F68 /* Debug */,
				362E2BA41E62214F000E6F68 /* Release */,
			);
			defaultConfigurationIsVisible = 0;
		};
/* End XCConfigurationList section */
	};
	rootObject = 362E2B881E62214F000E6F68 /* Project object */;
}
